
Microsoft Visual Studio Solution File, Format Version 12.00
# Visual Studio Version 16
VisualStudioVersion = 16.0.31410.357
MinimumVisualStudioVersion = 10.0.40219.1
Project("{9A19103F-16F7-4668-BE54-9A1E7A4F7556}") = "WebAppOrder", "..\WebAppOrder\WebAppOrder\WebAppOrder.csproj", "{568BB0FB-0149-4DFF-8226-8C1F96280A32}"
EndProject
Project("{FAE04EC0-301F-11D3-BF4B-00C04F79EFBC}") = "Consumer", "Consumer\Consumer.csproj", "{BE5F21FB-591F-41D6-A8EC-9FA8EC8A1E28}"
EndProject
Global
	GlobalSection(SolutionConfigurationPlatforms) = preSolution
		Debug|Any CPU = Debug|Any CPU
		Release|Any CPU = Release|Any CPU
	EndGlobalSection
	GlobalSection(ProjectConfigurationPlatforms) = postSolution
		{568BB0FB-0149-4DFF-8226-8C1F96280A32}.Debug|Any CPU.ActiveCfg = Debug|Any CPU
		{568BB0FB-0149-4DFF-8226-8C1F96280A32}.Debug|Any CPU.Build.0 = Debug|Any CPU
		{568BB0FB-0149-4DFF-8226-8C1F96280A32}.Release|Any CPU.ActiveCfg = Release|Any CPU
		{568BB0FB-0149-4DFF-8226-8C1F96280A32}.Release|Any CPU.Build.0 = Release|Any CPU
		{BE5F21FB-591F-41D6-A8EC-9FA8EC8A1E28}.Debug|Any CPU.ActiveCfg = Debug|Any CPU
		{BE5F21FB-591F-41D6-A8EC-9FA8EC8A1E28}.Debug|Any CPU.Build.0 = Debug|Any CPU
		{BE5F21FB-591F-41D6-A8EC-9FA8EC8A1E28}.Release|Any CPU.ActiveCfg = Release|Any CPU
		{BE5F21FB-591F-41D6-A8EC-9FA8EC8A1E28}.Release|Any CPU.Build.0 = Release|Any CPU
	EndGlobalSection
	GlobalSection(SolutionProperties) = preSolution
		HideSolutionNode = FALSE
	EndGlobalSection
	GlobalSection(ExtensibilityGlobals) = postSolution
		SolutionGuid = {5357BF6F-7EE6-4CAD-8C4C-26B9263C8D74}
	EndGlobalSection
EndGlobal
